// !$*UTF8*$!
{
	archiveVersion = 1;
	classes = {
	};
	objectVersion = 56;
	objects = {

/* Begin PBXBuildFile section */
		2EA318A391E95216936EB705 /* Pods_Assignment_9_Storyboard.framework in Frameworks */ = {isa = PBXBuildFile; fileRef = CF6C47E29150372D56A0AF9E /* Pods_Assignment_9_Storyboard.framework */; };
		460615362B074AB100829DEB /* AppDelegate.swift in Sources */ = {isa = PBXBuildFile; fileRef = 460615352B074AB100829DEB /* AppDelegate.swift */; };
		460615382B074AB100829DEB /* SceneDelegate.swift in Sources */ = {isa = PBXBuildFile; fileRef = 460615372B074AB100829DEB /* SceneDelegate.swift */; };
		4606153A2B074AB100829DEB /* ViewController.swift in Sources */ = {isa = PBXBuildFile; fileRef = 460615392B074AB100829DEB /* ViewController.swift */; };
		4606153D2B074AB100829DEB /* Main.storyboard in Resources */ = {isa = PBXBuildFile; fileRef = 4606153B2B074AB100829DEB /* Main.storyboard */; };
		4606153F2B074AB300829DEB /* Assets.xcassets in Resources */ = {isa = PBXBuildFile; fileRef = 4606153E2B074AB300829DEB /* Assets.xcassets */; };
		460615422B074AB300829DEB /* LaunchScreen.storyboard in Resources */ = {isa = PBXBuildFile; fileRef = 460615402B074AB300829DEB /* LaunchScreen.storyboard */; };
		4606154E2B074C8E00829DEB /* Programs.swift in Sources */ = {isa = PBXBuildFile; fileRef = 4606154D2B074C8E00829DEB /* Programs.swift */; };
		460615502B074CB500829DEB /* Colleges.swift in Sources */ = {isa = PBXBuildFile; fileRef = 4606154F2B074CB500829DEB /* Colleges.swift */; };
		460615522B074CCE00829DEB /* Courses.swift in Sources */ = {isa = PBXBuildFile; fileRef = 460615512B074CCE00829DEB /* Courses.swift */; };
		460615542B074CEE00829DEB /* CourseCategories.swift in Sources */ = {isa = PBXBuildFile; fileRef = 460615532B074CEE00829DEB /* CourseCategories.swift */; };
		460615562B074D1200829DEB /* ProgramTableViewController.swift in Sources */ = {isa = PBXBuildFile; fileRef = 460615552B074D1200829DEB /* ProgramTableViewController.swift */; };
		460615582B074D2900829DEB /* CourseCategoriesTableViewController.swift in Sources */ = {isa = PBXBuildFile; fileRef = 460615572B074D2900829DEB /* CourseCategoriesTableViewController.swift */; };
		4606155A2B074D3300829DEB /* CollegeTableViewController.swift in Sources */ = {isa = PBXBuildFile; fileRef = 460615592B074D3300829DEB /* CollegeTableViewController.swift */; };
		4606155C2B074D3F00829DEB /* CourseTableViewController.swift in Sources */ = {isa = PBXBuildFile; fileRef = 4606155B2B074D3F00829DEB /* CourseTableViewController.swift */; };
		4606155E2B074D7D00829DEB /* ProgramDetailsViewController.swift in Sources */ = {isa = PBXBuildFile; fileRef = 4606155D2B074D7D00829DEB /* ProgramDetailsViewController.swift */; };
		460615602B074D8D00829DEB /* CourseCategoriesDetailViewController.swift in Sources */ = {isa = PBXBuildFile; fileRef = 4606155F2B074D8D00829DEB /* CourseCategoriesDetailViewController.swift */; };
		460615622B074D9C00829DEB /* CollegeDetailViewController.swift in Sources */ = {isa = PBXBuildFile; fileRef = 460615612B074D9C00829DEB /* CollegeDetailViewController.swift */; };
		460615642B074DA700829DEB /* CourseDetailViewController.swift in Sources */ = {isa = PBXBuildFile; fileRef = 460615632B074DA700829DEB /* CourseDetailViewController.swift */; };
		460615662B08133900829DEB /* DatabaseManager.swift in Sources */ = {isa = PBXBuildFile; fileRef = 460615652B08133900829DEB /* DatabaseManager.swift */; };
		460615682B15070900829DEB /* APIUtils.swift in Sources */ = {isa = PBXBuildFile; fileRef = 460615672B15070900829DEB /* APIUtils.swift */; };
/* End PBXBuildFile section */

/* Begin PBXFileReference section */
		0BC07AEAE4CADE804317C33C /* Pods-Assignment 9 Storyboard.debug.xcconfig */ = {isa = PBXFileReference; includeInIndex = 1; lastKnownFileType = text.xcconfig; name = "Pods-Assignment 9 Storyboard.debug.xcconfig"; path = "Target Support Files/Pods-Assignment 9 Storyboard/Pods-Assignment 9 Storyboard.debug.xcconfig"; sourceTree = "<group>"; };
		460615322B074AB100829DEB /* CampusConnect.app */ = {isa = PBXFileReference; explicitFileType = wrapper.application; includeInIndex = 0; path = CampusConnect.app; sourceTree = BUILT_PRODUCTS_DIR; };
		460615352B074AB100829DEB /* AppDelegate.swift */ = {isa = PBXFileReference; lastKnownFileType = sourcecode.swift; path = AppDelegate.swift; sourceTree = "<group>"; };
		460615372B074AB100829DEB /* SceneDelegate.swift */ = {isa = PBXFileReference; lastKnownFileType = sourcecode.swift; path = SceneDelegate.swift; sourceTree = "<group>"; };
		460615392B074AB100829DEB /* ViewController.swift */ = {isa = PBXFileReference; lastKnownFileType = sourcecode.swift; path = ViewController.swift; sourceTree = "<group>"; };
		4606153C2B074AB100829DEB /* Base */ = {isa = PBXFileReference; lastKnownFileType = file.storyboard; name = Base; path = Base.lproj/Main.storyboard; sourceTree = "<group>"; };
		4606153E2B074AB300829DEB /* Assets.xcassets */ = {isa = PBXFileReference; lastKnownFileType = folder.assetcatalog; path = Assets.xcassets; sourceTree = "<group>"; };
		460615412B074AB300829DEB /* Base */ = {isa = PBXFileReference; lastKnownFileType = file.storyboard; name = Base; path = Base.lproj/LaunchScreen.storyboard; sourceTree = "<group>"; };
		460615432B074AB400829DEB /* Info.plist */ = {isa = PBXFileReference; lastKnownFileType = text.plist.xml; path = Info.plist; sourceTree = "<group>"; };
		4606154D2B074C8E00829DEB /* Programs.swift */ = {isa = PBXFileReference; lastKnownFileType = sourcecode.swift; path = Programs.swift; sourceTree = "<group>"; };
		4606154F2B074CB500829DEB /* Colleges.swift */ = {isa = PBXFileReference; lastKnownFileType = sourcecode.swift; path = Colleges.swift; sourceTree = "<group>"; };
		460615512B074CCE00829DEB /* Courses.swift */ = {isa = PBXFileReference; lastKnownFileType = sourcecode.swift; path = Courses.swift; sourceTree = "<group>"; };
		460615532B074CEE00829DEB /* CourseCategories.swift */ = {isa = PBXFileReference; lastKnownFileType = sourcecode.swift; path = CourseCategories.swift; sourceTree = "<group>"; };
		460615552B074D1200829DEB /* ProgramTableViewController.swift */ = {isa = PBXFileReference; lastKnownFileType = sourcecode.swift; path = ProgramTableViewController.swift; sourceTree = "<group>"; };
		460615572B074D2900829DEB /* CourseCategoriesTableViewController.swift */ = {isa = PBXFileReference; lastKnownFileType = sourcecode.swift; path = CourseCategoriesTableViewController.swift; sourceTree = "<group>"; };
		460615592B074D3300829DEB /* CollegeTableViewController.swift */ = {isa = PBXFileReference; lastKnownFileType = sourcecode.swift; path = CollegeTableViewController.swift; sourceTree = "<group>"; };
		4606155B2B074D3F00829DEB /* CourseTableViewController.swift */ = {isa = PBXFileReference; lastKnownFileType = sourcecode.swift; path = CourseTableViewController.swift; sourceTree = "<group>"; };
		4606155D2B074D7D00829DEB /* ProgramDetailsViewController.swift */ = {isa = PBXFileReference; lastKnownFileType = sourcecode.swift; path = ProgramDetailsViewController.swift; sourceTree = "<group>"; };
		4606155F2B074D8D00829DEB /* CourseCategoriesDetailViewController.swift */ = {isa = PBXFileReference; lastKnownFileType = sourcecode.swift; path = CourseCategoriesDetailViewController.swift; sourceTree = "<group>"; };
		460615612B074D9C00829DEB /* CollegeDetailViewController.swift */ = {isa = PBXFileReference; lastKnownFileType = sourcecode.swift; path = CollegeDetailViewController.swift; sourceTree = "<group>"; };
		460615632B074DA700829DEB /* CourseDetailViewController.swift */ = {isa = PBXFileReference; lastKnownFileType = sourcecode.swift; path = CourseDetailViewController.swift; sourceTree = "<group>"; };
		460615652B08133900829DEB /* DatabaseManager.swift */ = {isa = PBXFileReference; lastKnownFileType = sourcecode.swift; path = DatabaseManager.swift; sourceTree = "<group>"; };
		460615672B15070900829DEB /* APIUtils.swift */ = {isa = PBXFileReference; lastKnownFileType = sourcecode.swift; path = APIUtils.swift; sourceTree = "<group>"; };
		5F1733C81B9BAC220684C84A /* Pods-Assignment 9 Storyboard.release.xcconfig */ = {isa = PBXFileReference; includeInIndex = 1; lastKnownFileType = text.xcconfig; name = "Pods-Assignment 9 Storyboard.release.xcconfig"; path = "Target Support Files/Pods-Assignment 9 Storyboard/Pods-Assignment 9 Storyboard.release.xcconfig"; sourceTree = "<group>"; };
		CF6C47E29150372D56A0AF9E /* Pods_Assignment_9_Storyboard.framework */ = {isa = PBXFileReference; explicitFileType = wrapper.framework; includeInIndex = 0; path = Pods_Assignment_9_Storyboard.framework; sourceTree = BUILT_PRODUCTS_DIR; };
/* End PBXFileReference section */

/* Begin PBXFrameworksBuildPhase section */
		4606152F2B074AB100829DEB /* Frameworks */ = {
			isa = PBXFrameworksBuildPhase;
			buildActionMask = 2147483647;
			files = (
				2EA318A391E95216936EB705 /* Pods_Assignment_9_Storyboard.framework in Frameworks */,
			);
			runOnlyForDeploymentPostprocessing = 0;
		};
/* End PBXFrameworksBuildPhase section */

/* Begin PBXGroup section */
		3556BF4935439A21BEBBBEEC /* Pods */ = {
			isa = PBXGroup;
			children = (
				0BC07AEAE4CADE804317C33C /* Pods-Assignment 9 Storyboard.debug.xcconfig */,
				5F1733C81B9BAC220684C84A /* Pods-Assignment 9 Storyboard.release.xcconfig */,
			);
			path = Pods;
			sourceTree = "<group>";
		};
		460615292B074AB100829DEB = {
			isa = PBXGroup;
			children = (
				460615342B074AB100829DEB /* CampusConnect */,
				460615332B074AB100829DEB /* Products */,
				3556BF4935439A21BEBBBEEC /* Pods */,
				50494074A03B554BF6580365 /* Frameworks */,
			);
			sourceTree = "<group>";
		};
		460615332B074AB100829DEB /* Products */ = {
			isa = PBXGroup;
			children = (
				460615322B074AB100829DEB /* CampusConnect.app */,
			);
			name = Products;
			sourceTree = "<group>";
		};
		460615342B074AB100829DEB /* CampusConnect */ = {
			isa = PBXGroup;
			children = (
				4606154B2B074C0A00829DEB /* Program */,
				4606154A2B074BFA00829DEB /* Course Category */,
				460615492B074BED00829DEB /* College */,
				4606154C2B074C1200829DEB /* Course */,
				460615352B074AB100829DEB /* AppDelegate.swift */,
				460615372B074AB100829DEB /* SceneDelegate.swift */,
				460615392B074AB100829DEB /* ViewController.swift */,
				460615652B08133900829DEB /* DatabaseManager.swift */,
				460615672B15070900829DEB /* APIUtils.swift */,
				4606153B2B074AB100829DEB /* Main.storyboard */,
				4606153E2B074AB300829DEB /* Assets.xcassets */,
				460615402B074AB300829DEB /* LaunchScreen.storyboard */,
				460615432B074AB400829DEB /* Info.plist */,
			);
			path = CampusConnect;
			sourceTree = "<group>";
		};
		460615492B074BED00829DEB /* College */ = {
			isa = PBXGroup;
			children = (
				4606154F2B074CB500829DEB /* Colleges.swift */,
				460615592B074D3300829DEB /* CollegeTableViewController.swift */,
				460615612B074D9C00829DEB /* CollegeDetailViewController.swift */,
			);
			path = College;
			sourceTree = "<group>";
		};
		4606154A2B074BFA00829DEB /* Course Category */ = {
			isa = PBXGroup;
			children = (
				460615532B074CEE00829DEB /* CourseCategories.swift */,
				460615572B074D2900829DEB /* CourseCategoriesTableViewController.swift */,
				4606155F2B074D8D00829DEB /* CourseCategoriesDetailViewController.swift */,
			);
			path = "Course Category";
			sourceTree = "<group>";
		};
		4606154B2B074C0A00829DEB /* Program */ = {
			isa = PBXGroup;
			children = (
				4606154D2B074C8E00829DEB /* Programs.swift */,
				460615552B074D1200829DEB /* ProgramTableViewController.swift */,
				4606155D2B074D7D00829DEB /* ProgramDetailsViewController.swift */,
			);
			path = Program;
			sourceTree = "<group>";
		};
		4606154C2B074C1200829DEB /* Course */ = {
			isa = PBXGroup;
			children = (
				460615512B074CCE00829DEB /* Courses.swift */,
				4606155B2B074D3F00829DEB /* CourseTableViewController.swift */,
				460615632B074DA700829DEB /* CourseDetailViewController.swift */,
			);
			path = Course;
			sourceTree = "<group>";
		};
		50494074A03B554BF6580365 /* Frameworks */ = {
			isa = PBXGroup;
			children = (
				CF6C47E29150372D56A0AF9E /* Pods_Assignment_9_Storyboard.framework */,
			);
			name = Frameworks;
			sourceTree = "<group>";
		};
/* End PBXGroup section */

/* Begin PBXNativeTarget section */
		460615312B074AB100829DEB /* CampusConnect */ = {
			isa = PBXNativeTarget;
			buildConfigurationList = 460615462B074AB400829DEB /* Build configuration list for PBXNativeTarget "CampusConnect" */;
			buildPhases = (
				A6ED4BC560504A91B4CF476F /* [CP] Check Pods Manifest.lock */,
				4606152E2B074AB100829DEB /* Sources */,
				4606152F2B074AB100829DEB /* Frameworks */,
				460615302B074AB100829DEB /* Resources */,
				AABE6AE970DAEC81532D0E15 /* [CP] Embed Pods Frameworks */,
			);
			buildRules = (
			);
			dependencies = (
			);
			name = CampusConnect;
			productName = "Assignment 9 Storyboard";
			productReference = 460615322B074AB100829DEB /* CampusConnect.app */;
			productType = "com.apple.product-type.application";
		};
/* End PBXNativeTarget section */

/* Begin PBXProject section */
		4606152A2B074AB100829DEB /* Project object */ = {
			isa = PBXProject;
			attributes = {
				BuildIndependentTargetsInParallel = 1;
				LastSwiftUpdateCheck = 1500;
				LastUpgradeCheck = 1500;
				TargetAttributes = {
					460615312B074AB100829DEB = {
						CreatedOnToolsVersion = 15.0.1;
					};
				};
			};
			buildConfigurationList = 4606152D2B074AB100829DEB /* Build configuration list for PBXProject "CampusConnect" */;
			compatibilityVersion = "Xcode 14.0";
			developmentRegion = en;
			hasScannedForEncodings = 0;
			knownRegions = (
				en,
				Base,
			);
			mainGroup = 460615292B074AB100829DEB;
			productRefGroup = 460615332B074AB100829DEB /* Products */;
			projectDirPath = "";
			projectRoot = "";
			targets = (
				460615312B074AB100829DEB /* CampusConnect */,
			);
		};
/* End PBXProject section */

/* Begin PBXResourcesBuildPhase section */
		460615302B074AB100829DEB /* Resources */ = {
			isa = PBXResourcesBuildPhase;
			buildActionMask = 2147483647;
			files = (
				460615422B074AB300829DEB /* LaunchScreen.storyboard in Resources */,
				4606153F2B074AB300829DEB /* Assets.xcassets in Resources */,
				4606153D2B074AB100829DEB /* Main.storyboard in Resources */,
			);
			runOnlyForDeploymentPostprocessing = 0;
		};
/* End PBXResourcesBuildPhase section */

/* Begin PBXShellScriptBuildPhase section */
		A6ED4BC560504A91B4CF476F /* [CP] Check Pods Manifest.lock */ = {
			isa = PBXShellScriptBuildPhase;
			buildActionMask = 2147483647;
			files = (
			);
			inputFileListPaths = (
			);
			inputPaths = (
				"${PODS_PODFILE_DIR_PATH}/Podfile.lock",
				"${PODS_ROOT}/Manifest.lock",
			);
			name = "[CP] Check Pods Manifest.lock";
			outputFileListPaths = (
			);
			outputPaths = (
				"$(DERIVED_FILE_DIR)/Pods-Assignment 9 Storyboard-checkManifestLockResult.txt",
			);
			runOnlyForDeploymentPostprocessing = 0;
			shellPath = /bin/sh;
			shellScript = "diff \"${PODS_PODFILE_DIR_PATH}/Podfile.lock\" \"${PODS_ROOT}/Manifest.lock\" > /dev/null\nif [ $? != 0 ] ; then\n    # print error to STDERR\n    echo \"error: The sandbox is not in sync with the Podfile.lock. Run 'pod install' or update your CocoaPods installation.\" >&2\n    exit 1\nfi\n# This output is used by Xcode 'outputs' to avoid re-running this script phase.\necho \"SUCCESS\" > \"${SCRIPT_OUTPUT_FILE_0}\"\n";
			showEnvVarsInLog = 0;
		};
		AABE6AE970DAEC81532D0E15 /* [CP] Embed Pods Frameworks */ = {
			isa = PBXShellScriptBuildPhase;
			buildActionMask = 2147483647;
			files = (
			);
			inputFileListPaths = (
				"${PODS_ROOT}/Target Support Files/Pods-Assignment 9 Storyboard/Pods-Assignment 9 Storyboard-frameworks-${CONFIGURATION}-input-files.xcfilelist",
			);
			name = "[CP] Embed Pods Frameworks";
			outputFileListPaths = (
				"${PODS_ROOT}/Target Support Files/Pods-Assignment 9 Storyboard/Pods-Assignment 9 Storyboard-frameworks-${CONFIGURATION}-output-files.xcfilelist",
			);
			runOnlyForDeploymentPostprocessing = 0;
			shellPath = /bin/sh;
			shellScript = "\"${PODS_ROOT}/Target Support Files/Pods-Assignment 9 Storyboard/Pods-Assignment 9 Storyboard-frameworks.sh\"\n";
			showEnvVarsInLog = 0;
		};
/* End PBXShellScriptBuildPhase section */

/* Begin PBXSourcesBuildPhase section */
		4606152E2B074AB100829DEB /* Sources */ = {
			isa = PBXSourcesBuildPhase;
			buildActionMask = 2147483647;
			files = (
				460615662B08133900829DEB /* DatabaseManager.swift in Sources */,
				4606155C2B074D3F00829DEB /* CourseTableViewController.swift in Sources */,
				4606155A2B074D3300829DEB /* CollegeTableViewController.swift in Sources */,
				4606154E2B074C8E00829DEB /* Programs.swift in Sources */,
				4606153A2B074AB100829DEB /* ViewController.swift in Sources */,
				460615682B15070900829DEB /* APIUtils.swift in Sources */,
				460615542B074CEE00829DEB /* CourseCategories.swift in Sources */,
				460615582B074D2900829DEB /* CourseCategoriesTableViewController.swift in Sources */,
				460615522B074CCE00829DEB /* Courses.swift in Sources */,
				460615622B074D9C00829DEB /* CollegeDetailViewController.swift in Sources */,
				460615562B074D1200829DEB /* ProgramTableViewController.swift in Sources */,
				460615362B074AB100829DEB /* AppDelegate.swift in Sources */,
				460615642B074DA700829DEB /* CourseDetailViewController.swift in Sources */,
				460615602B074D8D00829DEB /* CourseCategoriesDetailViewController.swift in Sources */,
				460615382B074AB100829DEB /* SceneDelegate.swift in Sources */,
				4606155E2B074D7D00829DEB /* ProgramDetailsViewController.swift in Sources */,
				460615502B074CB500829DEB /* Colleges.swift in Sources */,
			);
			runOnlyForDeploymentPostprocessing = 0;
		};
/* End PBXSourcesBuildPhase section */

/* Begin PBXVariantGroup section */
		4606153B2B074AB100829DEB /* Main.storyboard */ = {
			isa = PBXVariantGroup;
			children = (
				4606153C2B074AB100829DEB /* Base */,
			);
			name = Main.storyboard;
			sourceTree = "<group>";
		};
		460615402B074AB300829DEB /* LaunchScreen.storyboard */ = {
			isa = PBXVariantGroup;
			children = (
				460615412B074AB300829DEB /* Base */,
			);
			name = LaunchScreen.storyboard;
			sourceTree = "<group>";
		};
/* End PBXVariantGroup section */

/* Begin XCBuildConfiguration section */
		460615442B074AB400829DEB /* Debug */ = {
			isa = XCBuildConfiguration;
			buildSettings = {
				ALWAYS_SEARCH_USER_PATHS = NO;
				ASSETCATALOG_COMPILER_GENERATE_SWIFT_ASSET_SYMBOL_EXTENSIONS = YES;
				CLANG_ANALYZER_NONNULL = YES;
				CLANG_ANALYZER_NUMBER_OBJECT_CONVERSION = YES_AGGRESSIVE;
				CLANG_CXX_LANGUAGE_STANDARD = "gnu++20";
				CLANG_ENABLE_MODULES = YES;
				CLANG_ENABLE_OBJC_ARC = YES;
				CLANG_ENABLE_OBJC_WEAK = YES;
				CLANG_WARN_BLOCK_CAPTURE_AUTORELEASING = YES;
				CLANG_WARN_BOOL_CONVERSION = YES;
				CLANG_WARN_COMMA = YES;
				CLANG_WARN_CONSTANT_CONVERSION = YES;
				CLANG_WARN_DEPRECATED_OBJC_IMPLEMENTATIONS = YES;
				CLANG_WARN_DIRECT_OBJC_ISA_USAGE = YES_ERROR;
				CLANG_WARN_DOCUMENTATION_COMMENTS = YES;
				CLANG_WARN_EMPTY_BODY = YES;
				CLANG_WARN_ENUM_CONVERSION = YES;
				CLANG_WARN_INFINITE_RECURSION = YES;
				CLANG_WARN_INT_CONVERSION = YES;
				CLANG_WARN_NON_LITERAL_NULL_CONVERSION = YES;
				CLANG_WARN_OBJC_IMPLICIT_RETAIN_SELF = YES;
				CLANG_WARN_OBJC_LITERAL_CONVERSION = YES;
				CLANG_WARN_OBJC_ROOT_CLASS = YES_ERROR;
				CLANG_WARN_QUOTED_INCLUDE_IN_FRAMEWORK_HEADER = YES;
				CLANG_WARN_RANGE_LOOP_ANALYSIS = YES;
				CLANG_WARN_STRICT_PROTOTYPES = YES;
				CLANG_WARN_SUSPICIOUS_MOVE = YES;
				CLANG_WARN_UNGUARDED_AVAILABILITY = YES_AGGRESSIVE;
				CLANG_WARN_UNREACHABLE_CODE = YES;
				CLANG_WARN__DUPLICATE_METHOD_MATCH = YES;
				COPY_PHASE_STRIP = NO;
				DEBUG_INFORMATION_FORMAT = dwarf;
				ENABLE_STRICT_OBJC_MSGSEND = YES;
				ENABLE_TESTABILITY = YES;
				ENABLE_USER_SCRIPT_SANDBOXING = NO;
				GCC_C_LANGUAGE_STANDARD = gnu17;
				GCC_DYNAMIC_NO_PIC = NO;
				GCC_NO_COMMON_BLOCKS = YES;
				GCC_OPTIMIZATION_LEVEL = 0;
				GCC_PREPROCESSOR_DEFINITIONS = (
					"DEBUG=1",
					"$(inherited)",
				);
				GCC_WARN_64_TO_32_BIT_CONVERSION = YES;
				GCC_WARN_ABOUT_RETURN_TYPE = YES_ERROR;
				GCC_WARN_UNDECLARED_SELECTOR = YES;
				GCC_WARN_UNINITIALIZED_AUTOS = YES_AGGRESSIVE;
				GCC_WARN_UNUSED_FUNCTION = YES;
				GCC_WARN_UNUSED_VARIABLE = YES;
				IPHONEOS_DEPLOYMENT_TARGET = 17.0;
				LOCALIZATION_PREFERS_STRING_CATALOGS = YES;
				MTL_ENABLE_DEBUG_INFO = INCLUDE_SOURCE;
				MTL_FAST_MATH = YES;
				ONLY_ACTIVE_ARCH = YES;
				SDKROOT = iphoneos;
				SWIFT_ACTIVE_COMPILATION_CONDITIONS = "DEBUG $(inherited)";
				SWIFT_OPTIMIZATION_LEVEL = "-Onone";
			};
			name = Debug;
		};
		460615452B074AB400829DEB /* Release */ = {
			isa = XCBuildConfiguration;
			buildSettings = {
				ALWAYS_SEARCH_USER_PATHS = NO;
				ASSETCATALOG_COMPILER_GENERATE_SWIFT_ASSET_SYMBOL_EXTENSIONS = YES;
				CLANG_ANALYZER_NONNULL = YES;
				CLANG_ANALYZER_NUMBER_OBJECT_CONVERSION = YES_AGGRESSIVE;
				CLANG_CXX_LANGUAGE_STANDARD = "gnu++20";
				CLANG_ENABLE_MODULES = YES;
				CLANG_ENABLE_OBJC_ARC = YES;
				CLANG_ENABLE_OBJC_WEAK = YES;
				CLANG_WARN_BLOCK_CAPTURE_AUTORELEASING = YES;
				CLANG_WARN_BOOL_CONVERSION = YES;
				CLANG_WARN_COMMA = YES;
				CLANG_WARN_CONSTANT_CONVERSION = YES;
				CLANG_WARN_DEPRECATED_OBJC_IMPLEMENTATIONS = YES;
				CLANG_WARN_DIRECT_OBJC_ISA_USAGE = YES_ERROR;
				CLANG_WARN_DOCUMENTATION_COMMENTS = YES;
				CLANG_WARN_EMPTY_BODY = YES;
				CLANG_WARN_ENUM_CONVERSION = YES;
				CLANG_WARN_INFINITE_RECURSION = YES;
				CLANG_WARN_INT_CONVERSION = YES;
				CLANG_WARN_NON_LITERAL_NULL_CONVERSION = YES;
				CLANG_WARN_OBJC_IMPLICIT_RETAIN_SELF = YES;
				CLANG_WARN_OBJC_LITERAL_CONVERSION = YES;
				CLANG_WARN_OBJC_ROOT_CLASS = YES_ERROR;
				CLANG_WARN_QUOTED_INCLUDE_IN_FRAMEWORK_HEADER = YES;
				CLANG_WARN_RANGE_LOOP_ANALYSIS = YES;
				CLANG_WARN_STRICT_PROTOTYPES = YES;
				CLANG_WARN_SUSPICIOUS_MOVE = YES;
				CLANG_WARN_UNGUARDED_AVAILABILITY = YES_AGGRESSIVE;
				CLANG_WARN_UNREACHABLE_CODE = YES;
				CLANG_WARN__DUPLICATE_METHOD_MATCH = YES;
				COPY_PHASE_STRIP = NO;
				DEBUG_INFORMATION_FORMAT = "dwarf-with-dsym";
				ENABLE_NS_ASSERTIONS = NO;
				ENABLE_STRICT_OBJC_MSGSEND = YES;
				ENABLE_USER_SCRIPT_SANDBOXING = NO;
				GCC_C_LANGUAGE_STANDARD = gnu17;
				GCC_NO_COMMON_BLOCKS = YES;
				GCC_WARN_64_TO_32_BIT_CONVERSION = YES;
				GCC_WARN_ABOUT_RETURN_TYPE = YES_ERROR;
				GCC_WARN_UNDECLARED_SELECTOR = YES;
				GCC_WARN_UNINITIALIZED_AUTOS = YES_AGGRESSIVE;
				GCC_WARN_UNUSED_FUNCTION = YES;
				GCC_WARN_UNUSED_VARIABLE = YES;
				IPHONEOS_DEPLOYMENT_TARGET = 17.0;
				LOCALIZATION_PREFERS_STRING_CATALOGS = YES;
				MTL_ENABLE_DEBUG_INFO = NO;
				MTL_FAST_MATH = YES;
				SDKROOT = iphoneos;
				SWIFT_COMPILATION_MODE = wholemodule;
				VALIDATE_PRODUCT = YES;
			};
			name = Release;
		};
		460615472B074AB400829DEB /* Debug */ = {
			isa = XCBuildConfiguration;
			baseConfigurationReference = 0BC07AEAE4CADE804317C33C /* Pods-Assignment 9 Storyboard.debug.xcconfig */;
			buildSettings = {
				ASSETCATALOG_COMPILER_APPICON_NAME = AppIcon;
				ASSETCATALOG_COMPILER_GLOBAL_ACCENT_COLOR_NAME = AccentColor;
				CODE_SIGN_STYLE = Automatic;
				CURRENT_PROJECT_VERSION = 1;
				GENERATE_INFOPLIST_FILE = YES;
				INFOPLIST_FILE = "Assignment 9 Storyboard/Info.plist";
				INFOPLIST_KEY_UIApplicationSupportsIndirectInputEvents = YES;
				INFOPLIST_KEY_UILaunchStoryboardName = LaunchScreen;
				INFOPLIST_KEY_UIMainStoryboardFile = Main;
				INFOPLIST_KEY_UISupportedInterfaceOrientations_iPad = "UIInterfaceOrientationPortrait UIInterfaceOrientationPortraitUpsideDown UIInterfaceOrientationLandscapeLeft UIInterfaceOrientationLandscapeRight";
				INFOPLIST_KEY_UISupportedInterfaceOrientations_iPhone = "UIInterfaceOrientationPortrait UIInterfaceOrientationLandscapeLeft UIInterfaceOrientationLandscapeRight";
				LD_RUNPATH_SEARCH_PATHS = (
					"$(inherited)",
					"@executable_path/Frameworks",
				);
				MARKETING_VERSION = 1.0;
				PRODUCT_BUNDLE_IDENTIFIER = "Smartphone-based-Web-Development.Assignment-9-Storyboard";
				PRODUCT_NAME = "$(TARGET_NAME)";
				SWIFT_EMIT_LOC_STRINGS = YES;
				SWIFT_VERSION = 5.0;
				TARGETED_DEVICE_FAMILY = "1,2";
			};
			name = Debug;
		};
		460615482B074AB400829DEB /* Release */ = {
			isa = XCBuildConfiguration;
			baseConfigurationReference = 5F1733C81B9BAC220684C84A /* Pods-Assignment 9 Storyboard.release.xcconfig */;
			buildSettings = {
				ASSETCATALOG_COMPILER_APPICON_NAME = AppIcon;
				ASSETCATALOG_COMPILER_GLOBAL_ACCENT_COLOR_NAME = AccentColor;
				CODE_SIGN_STYLE = Automatic;
				CURRENT_PROJECT_VERSION = 1;
				GENERATE_INFOPLIST_FILE = YES;
				INFOPLIST_FILE = "Assignment 9 Storyboard/Info.plist";
				INFOPLIST_KEY_UIApplicationSupportsIndirectInputEvents = YES;
				INFOPLIST_KEY_UILaunchStoryboardName = LaunchScreen;
				INFOPLIST_KEY_UIMainStoryboardFile = Main;
				INFOPLIST_KEY_UISupportedInterfaceOrientations_iPad = "UIInterfaceOrientationPortrait UIInterfaceOrientationPortraitUpsideDown UIInterfaceOrientationLandscapeLeft UIInterfaceOrientationLandscapeRight";
				INFOPLIST_KEY_UISupportedInterfaceOrientations_iPhone = "UIInterfaceOrientationPortrait UIInterfaceOrientationLandscapeLeft UIInterfaceOrientationLandscapeRight";
				LD_RUNPATH_SEARCH_PATHS = (
					"$(inherited)",
					"@executable_path/Frameworks",
				);
				MARKETING_VERSION = 1.0;
				PRODUCT_BUNDLE_IDENTIFIER = "Smartphone-based-Web-Development.Assignment-9-Storyboard";
				PRODUCT_NAME = "$(TARGET_NAME)";
				SWIFT_EMIT_LOC_STRINGS = YES;
				SWIFT_VERSION = 5.0;
				TARGETED_DEVICE_FAMILY = "1,2";
			};
			name = Release;
		};
/* End XCBuildConfiguration section */

/* Begin XCConfigurationList section */
		4606152D2B074AB100829DEB /* Build configuration list for PBXProject "CampusConnect" */ = {
			isa = XCConfigurationList;
			buildConfigurations = (
				460615442B074AB400829DEB /* Debug */,
				460615452B074AB400829DEB /* Release */,
			);
			defaultConfigurationIsVisible = 0;
			defaultConfigurationName = Release;
		};
		460615462B074AB400829DEB /* Build configuration list for PBXNativeTarget "CampusConnect" */ = {
			isa = XCConfigurationList;
			buildConfigurations = (
				460615472B074AB400829DEB /* Debug */,
				460615482B074AB400829DEB /* Release */,
			);
			defaultConfigurationIsVisible = 0;
			defaultConfigurationName = Release;
		};
/* End XCConfigurationList section */
	};
	rootObject = 4606152A2B074AB100829DEB /* Project object */;
}
